
Microsoft Visual Studio Solution File, Format Version 12.00
# Visual Studio Version 16
VisualStudioVersion = 16.0.33328.57
MinimumVisualStudioVersion = 10.0.40219.1
Project("{9A19103F-16F7-4668-BE54-9A1E7A4F7556}") = "LibraryCore", "LibraryCore.csproj", "{46E35769-D9E2-4336-89A5-79D6E77FBBF1}"
EndProject
Global
	GlobalSection(SolutionConfigurationPlatforms) = preSolution
		Debug|Any CPU = Debug|Any CPU
		Release|Any CPU = Release|Any CPU
	EndGlobalSection
	GlobalSection(ProjectConfigurationPlatforms) = postSolution
		{46E35769-D9E2-4336-89A5-79D6E77FBBF1}.Debug|Any CPU.ActiveCfg = Debug|Any CPU
		{46E35769-D9E2-4336-89A5-79D6E77FBBF1}.Debug|Any CPU.Build.0 = Debug|Any CPU
		{46E35769-D9E2-4336-89A5-79D6E77FBBF1}.Release|Any CPU.ActiveCfg = Release|Any CPU
		{46E35769-D9E2-4336-89A5-79D6E77FBBF1}.Release|Any CPU.Build.0 = Release|Any CPU
	EndGlobalSection
	GlobalSection(SolutionProperties) = preSolution
		HideSolutionNode = FALSE
	EndGlobalSection
	GlobalSection(ExtensibilityGlobals) = postSolution
		SolutionGuid = {160C298E-C27D-431F-97D4-988E49135228}
	EndGlobalSection
EndGlobal
